
Microsoft Visual Studio Solution File, Format Version 12.00
# Visual Studio Version 16
VisualStudioVersion = 16.0.30907.101
MinimumVisualStudioVersion = 10.0.40219.1
Project("{2150E333-8FDC-42A3-9474-1A3956D46DE8}") = "Task 1", "Task 1", "{16824B3C-9C46-43C0-9762-C7DEF1C50B9C}"
EndProject
Project("{2150E333-8FDC-42A3-9474-1A3956D46DE8}") = "Task 1.1", "Task 1.1", "{AC89FB88-8C98-4871-B7A2-E55678FC1EFE}"
EndProject
Project("{FAE04EC0-301F-11D3-BF4B-00C04F79EFBC}") = "Task 1.1", "Task 1\Task 1.1\Task 1.1.csproj", "{864CC5D6-C39C-484A-B91A-80FBE398910C}"
EndProject
Project("{2150E333-8FDC-42A3-9474-1A3956D46DE8}") = "Task 2", "Task 2", "{C58BE08D-63F6-49B0-9315-72FB0B5B3165}"
EndProject
Project("{2150E333-8FDC-42A3-9474-1A3956D46DE8}") = "Task 1.2", "Task 1.2", "{AE5B6C70-36B5-48D6-B84C-49FA2369A39E}"
EndProject
Project("{FAE04EC0-301F-11D3-BF4B-00C04F79EFBC}") = "Task 1.2", "Task 1\Task 1.2\Task 1.2.csproj", "{572DFB05-B6D5-4716-AEAC-992078B18BA3}"
EndProject
Project("{2150E333-8FDC-42A3-9474-1A3956D46DE8}") = "Task 2.1", "Task 2.1", "{AFC06A2D-0D9A-4CBD-B4D2-4E43C4D17AF3}"
EndProject
Project("{2150E333-8FDC-42A3-9474-1A3956D46DE8}") = "Task 2.2", "Task 2.2", "{58906F45-2441-4FE6-AF66-EA411FCA9F8B}"
EndProject
Project("{FAE04EC0-301F-11D3-BF4B-00C04F79EFBC}") = "Task 2.1.1", "Task 2\Task 2.1\Task 2.1.1\Task 2.1.1.csproj", "{E2D69BFE-5ED5-4D33-B9B1-F9BF089BCE32}"
EndProject
Project("{9A19103F-16F7-4668-BE54-9A1E7A4F7556}") = "CustomableStringTool", "Task 2\Task 2.1\Task 2.1.1\CustomableStringTool\CustomableStringTool.csproj", "{9838B18D-FD52-4189-8526-392988FB683B}"
EndProject
Project("{FAE04EC0-301F-11D3-BF4B-00C04F79EFBC}") = "Task 2.1.2", "Task 2\Task 2.1\Task 2.1.2\Task 2.1.2.csproj", "{B928F5DB-7C30-44A5-83CE-E6B852FEA44D}"
EndProject
Project("{FAE04EC0-301F-11D3-BF4B-00C04F79EFBC}") = "Task 2.2", "Task 2\Task 2.2\Task 2.2.csproj", "{864638C6-3111-4A48-B317-8F8F713B520E}"
EndProject
Project("{2150E333-8FDC-42A3-9474-1A3956D46DE8}") = "Task 3", "Task 3", "{511CF927-A942-4E82-9D49-4898986221AA}"
EndProject
Project("{2150E333-8FDC-42A3-9474-1A3956D46DE8}") = "Task 3.1", "Task 3.1", "{A046A292-0A4A-4AB6-A341-54F356EB77FF}"
EndProject
Project("{2150E333-8FDC-42A3-9474-1A3956D46DE8}") = "Task 3.1.1", "Task 3.1.1", "{35A73FF1-B41B-4AA2-92BB-20B6A56437B7}"
EndProject
Project("{FAE04EC0-301F-11D3-BF4B-00C04F79EFBC}") = "Task 3.1.1", "Task 3\Task 3.1.1\Task 3.1.1.csproj", "{9604104C-1EC0-4706-BF77-4B17B68016A7}"
EndProject
Project("{FAE04EC0-301F-11D3-BF4B-00C04F79EFBC}") = "Task 3.1.2", "Task 3\Task 3.1.2\Task 3.1.2.csproj", "{48C8D730-A4EF-45B0-9AEC-455ABA279B4E}"
EndProject
Project("{FAE04EC0-301F-11D3-BF4B-00C04F79EFBC}") = "Task 3.2", "Task 3\Task 3.2\Task 3.2.csproj", "{EE26EF7B-4952-4AD0-A7AE-18B47D9E83E9}"
EndProject
Project("{9A19103F-16F7-4668-BE54-9A1E7A4F7556}") = "Task 3.3.1", "Task 3\Task 3.3\Task 3.3.1\Task 3.3.1.csproj", "{F6A7C817-2FAD-439F-AAA5-9122A0D992CA}"
EndProject
Project("{2150E333-8FDC-42A3-9474-1A3956D46DE8}") = "Task 3.3", "Task 3.3", "{18D51B46-5EC4-4547-A5E4-C1EF6AD511B6}"
EndProject
Project("{2150E333-8FDC-42A3-9474-1A3956D46DE8}") = "Task  3.2", "Task  3.2", "{53C57DA4-140C-4C62-95A8-A0177517CB3F}"
EndProject
Project("{9A19103F-16F7-4668-BE54-9A1E7A4F7556}") = "Task 3.3.2", "Task 3\Task 3.3\Task 3.3.2\Task 3.3.2.csproj", "{970EE3DC-B264-4455-8154-4CB7CF6B0A04}"
EndProject
Project("{FAE04EC0-301F-11D3-BF4B-00C04F79EFBC}") = "Task 3.3.3", "Task 3\Task 3.3\Task 3.3.3\Task 3.3.3.csproj", "{B482DC42-8393-4102-BB02-A07786E78D3C}"
EndProject
Global
	GlobalSection(SolutionConfigurationPlatforms) = preSolution
		Debug|Any CPU = Debug|Any CPU
		Release|Any CPU = Release|Any CPU
	EndGlobalSection
	GlobalSection(ProjectConfigurationPlatforms) = postSolution
		{864CC5D6-C39C-484A-B91A-80FBE398910C}.Debug|Any CPU.ActiveCfg = Debug|Any CPU
		{864CC5D6-C39C-484A-B91A-80FBE398910C}.Debug|Any CPU.Build.0 = Debug|Any CPU
		{864CC5D6-C39C-484A-B91A-80FBE398910C}.Release|Any CPU.ActiveCfg = Release|Any CPU
		{864CC5D6-C39C-484A-B91A-80FBE398910C}.Release|Any CPU.Build.0 = Release|Any CPU
		{572DFB05-B6D5-4716-AEAC-992078B18BA3}.Debug|Any CPU.ActiveCfg = Debug|Any CPU
		{572DFB05-B6D5-4716-AEAC-992078B18BA3}.Debug|Any CPU.Build.0 = Debug|Any CPU
		{572DFB05-B6D5-4716-AEAC-992078B18BA3}.Release|Any CPU.ActiveCfg = Release|Any CPU
		{572DFB05-B6D5-4716-AEAC-992078B18BA3}.Release|Any CPU.Build.0 = Release|Any CPU
		{E2D69BFE-5ED5-4D33-B9B1-F9BF089BCE32}.Debug|Any CPU.ActiveCfg = Debug|Any CPU
		{E2D69BFE-5ED5-4D33-B9B1-F9BF089BCE32}.Debug|Any CPU.Build.0 = Debug|Any CPU
		{E2D69BFE-5ED5-4D33-B9B1-F9BF089BCE32}.Release|Any CPU.ActiveCfg = Release|Any CPU
		{E2D69BFE-5ED5-4D33-B9B1-F9BF089BCE32}.Release|Any CPU.Build.0 = Release|Any CPU
		{9838B18D-FD52-4189-8526-392988FB683B}.Debug|Any CPU.ActiveCfg = Debug|Any CPU
		{9838B18D-FD52-4189-8526-392988FB683B}.Debug|Any CPU.Build.0 = Debug|Any CPU
		{9838B18D-FD52-4189-8526-392988FB683B}.Release|Any CPU.ActiveCfg = Release|Any CPU
		{9838B18D-FD52-4189-8526-392988FB683B}.Release|Any CPU.Build.0 = Release|Any CPU
		{B928F5DB-7C30-44A5-83CE-E6B852FEA44D}.Debug|Any CPU.ActiveCfg = Debug|Any CPU
		{B928F5DB-7C30-44A5-83CE-E6B852FEA44D}.Debug|Any CPU.Build.0 = Debug|Any CPU
		{B928F5DB-7C30-44A5-83CE-E6B852FEA44D}.Release|Any CPU.ActiveCfg = Release|Any CPU
		{B928F5DB-7C30-44A5-83CE-E6B852FEA44D}.Release|Any CPU.Build.0 = Release|Any CPU
		{864638C6-3111-4A48-B317-8F8F713B520E}.Debug|Any CPU.ActiveCfg = Debug|Any CPU
		{864638C6-3111-4A48-B317-8F8F713B520E}.Debug|Any CPU.Build.0 = Debug|Any CPU
		{864638C6-3111-4A48-B317-8F8F713B520E}.Release|Any CPU.ActiveCfg = Release|Any CPU
		{864638C6-3111-4A48-B317-8F8F713B520E}.Release|Any CPU.Build.0 = Release|Any CPU
		{9604104C-1EC0-4706-BF77-4B17B68016A7}.Debug|Any CPU.ActiveCfg = Debug|Any CPU
		{9604104C-1EC0-4706-BF77-4B17B68016A7}.Debug|Any CPU.Build.0 = Debug|Any CPU
		{9604104C-1EC0-4706-BF77-4B17B68016A7}.Release|Any CPU.ActiveCfg = Release|Any CPU
		{9604104C-1EC0-4706-BF77-4B17B68016A7}.Release|Any CPU.Build.0 = Release|Any CPU
		{48C8D730-A4EF-45B0-9AEC-455ABA279B4E}.Debug|Any CPU.ActiveCfg = Debug|Any CPU
		{48C8D730-A4EF-45B0-9AEC-455ABA279B4E}.Debug|Any CPU.Build.0 = Debug|Any CPU
		{48C8D730-A4EF-45B0-9AEC-455ABA279B4E}.Release|Any CPU.ActiveCfg = Release|Any CPU
		{48C8D730-A4EF-45B0-9AEC-455ABA279B4E}.Release|Any CPU.Build.0 = Release|Any CPU
		{EE26EF7B-4952-4AD0-A7AE-18B47D9E83E9}.Debug|Any CPU.ActiveCfg = Debug|Any CPU
		{EE26EF7B-4952-4AD0-A7AE-18B47D9E83E9}.Debug|Any CPU.Build.0 = Debug|Any CPU
		{EE26EF7B-4952-4AD0-A7AE-18B47D9E83E9}.Release|Any CPU.ActiveCfg = Release|Any CPU
		{EE26EF7B-4952-4AD0-A7AE-18B47D9E83E9}.Release|Any CPU.Build.0 = Release|Any CPU
		{F6A7C817-2FAD-439F-AAA5-9122A0D992CA}.Debug|Any CPU.ActiveCfg = Debug|Any CPU
		{F6A7C817-2FAD-439F-AAA5-9122A0D992CA}.Debug|Any CPU.Build.0 = Debug|Any CPU
		{F6A7C817-2FAD-439F-AAA5-9122A0D992CA}.Release|Any CPU.ActiveCfg = Release|Any CPU
		{F6A7C817-2FAD-439F-AAA5-9122A0D992CA}.Release|Any CPU.Build.0 = Release|Any CPU
		{970EE3DC-B264-4455-8154-4CB7CF6B0A04}.Debug|Any CPU.ActiveCfg = Debug|Any CPU
		{970EE3DC-B264-4455-8154-4CB7CF6B0A04}.Debug|Any CPU.Build.0 = Debug|Any CPU
		{970EE3DC-B264-4455-8154-4CB7CF6B0A04}.Release|Any CPU.ActiveCfg = Release|Any CPU
		{970EE3DC-B264-4455-8154-4CB7CF6B0A04}.Release|Any CPU.Build.0 = Release|Any CPU
		{B482DC42-8393-4102-BB02-A07786E78D3C}.Debug|Any CPU.ActiveCfg = Debug|Any CPU
		{B482DC42-8393-4102-BB02-A07786E78D3C}.Debug|Any CPU.Build.0 = Debug|Any CPU
		{B482DC42-8393-4102-BB02-A07786E78D3C}.Release|Any CPU.ActiveCfg = Release|Any CPU
		{B482DC42-8393-4102-BB02-A07786E78D3C}.Release|Any CPU.Build.0 = Release|Any CPU
	EndGlobalSection
	GlobalSection(SolutionProperties) = preSolution
		HideSolutionNode = FALSE
	EndGlobalSection
	GlobalSection(NestedProjects) = preSolution
		{AC89FB88-8C98-4871-B7A2-E55678FC1EFE} = {16824B3C-9C46-43C0-9762-C7DEF1C50B9C}
		{864CC5D6-C39C-484A-B91A-80FBE398910C} = {AC89FB88-8C98-4871-B7A2-E55678FC1EFE}
		{AE5B6C70-36B5-48D6-B84C-49FA2369A39E} = {16824B3C-9C46-43C0-9762-C7DEF1C50B9C}
		{572DFB05-B6D5-4716-AEAC-992078B18BA3} = {AE5B6C70-36B5-48D6-B84C-49FA2369A39E}
		{AFC06A2D-0D9A-4CBD-B4D2-4E43C4D17AF3} = {C58BE08D-63F6-49B0-9315-72FB0B5B3165}
		{58906F45-2441-4FE6-AF66-EA411FCA9F8B} = {C58BE08D-63F6-49B0-9315-72FB0B5B3165}
		{E2D69BFE-5ED5-4D33-B9B1-F9BF089BCE32} = {AFC06A2D-0D9A-4CBD-B4D2-4E43C4D17AF3}
		{9838B18D-FD52-4189-8526-392988FB683B} = {AFC06A2D-0D9A-4CBD-B4D2-4E43C4D17AF3}
		{B928F5DB-7C30-44A5-83CE-E6B852FEA44D} = {AFC06A2D-0D9A-4CBD-B4D2-4E43C4D17AF3}
		{864638C6-3111-4A48-B317-8F8F713B520E} = {58906F45-2441-4FE6-AF66-EA411FCA9F8B}
		{A046A292-0A4A-4AB6-A341-54F356EB77FF} = {511CF927-A942-4E82-9D49-4898986221AA}
		{35A73FF1-B41B-4AA2-92BB-20B6A56437B7} = {A046A292-0A4A-4AB6-A341-54F356EB77FF}
		{9604104C-1EC0-4706-BF77-4B17B68016A7} = {35A73FF1-B41B-4AA2-92BB-20B6A56437B7}
		{48C8D730-A4EF-45B0-9AEC-455ABA279B4E} = {35A73FF1-B41B-4AA2-92BB-20B6A56437B7}
		{EE26EF7B-4952-4AD0-A7AE-18B47D9E83E9} = {53C57DA4-140C-4C62-95A8-A0177517CB3F}
		{F6A7C817-2FAD-439F-AAA5-9122A0D992CA} = {18D51B46-5EC4-4547-A5E4-C1EF6AD511B6}
		{18D51B46-5EC4-4547-A5E4-C1EF6AD511B6} = {511CF927-A942-4E82-9D49-4898986221AA}
		{53C57DA4-140C-4C62-95A8-A0177517CB3F} = {511CF927-A942-4E82-9D49-4898986221AA}
		{970EE3DC-B264-4455-8154-4CB7CF6B0A04} = {18D51B46-5EC4-4547-A5E4-C1EF6AD511B6}
		{B482DC42-8393-4102-BB02-A07786E78D3C} = {18D51B46-5EC4-4547-A5E4-C1EF6AD511B6}
	EndGlobalSection
	GlobalSection(ExtensibilityGlobals) = postSolution
		SolutionGuid = {73A17B5F-AC0A-466C-9A2E-679C0BE72559}
	EndGlobalSection
EndGlobal
